{
  "version": 4,
  "terraform_version": "1.15.6",
  "serial": 4,
  "lineage": "d6d40890-0323-e1d0-4446-ad94d4f75986",
  "outputs": {},
  "resources": [
    {
      "mode": "data",
      "type": "aws_ami",
      "name": "ubuntu",
      "provider": "provider[\"registry.terraform.io/hashicorp/aws\"]",
      "instances": [
        {
          "schema_version": 0,
          "attributes": {
            "allow_unsafe_filter": null,
            "architecture": "x86_64",
            "arn": "arn:aws:ec2:eu-central-1::image/ami-0c42a2b384b315690",
            "block_device_mappings": [
              {
                "device_name": "/dev/sda1",
                "ebs": {
                  "delete_on_termination": "true",
                  "encrypted": "false",
                  "iops": "0",
                  "snapshot_id": "snap-02ebdd736a7e60ac9",
                  "throughput": "0",
                  "volume_initialization_rate": "0",
                  "volume_size": "8",
                  "volume_type": "gp2"
                },
                "no_device": "",
                "virtual_name": ""
              },
              {
                "device_name": "/dev/sdb",
                "ebs": {},
                "no_device": "",
                "virtual_name": "ephemeral0"
              },
              {
                "device_name": "/dev/sdc",
                "ebs": {},
                "no_device": "",
                "virtual_name": "ephemeral1"
              }
            ],
            "boot_mode": "uefi-preferred",
            "creation_date": "2026-06-10T06:57:12.000Z",
            "deprecation_time": "2028-06-10T06:57:12.000Z",
            "description": "Canonical, Ubuntu, 22.04, amd64 jammy image",
            "ena_support": true,
            "executable_users": null,
            "filter": [
              {
                "name": "name",
                "values": [
                  "ubuntu/images/hvm-ssd/ubuntu-jammy-22.04-amd64-server-*"
                ]
              }
            ],
            "hypervisor": "xen",
            "id": "ami-0c42a2b384b315690",
            "image_id": "ami-0c42a2b384b315690",
            "image_location": "amazon/ubuntu/images/hvm-ssd/ubuntu-jammy-22.04-amd64-server-20260610",
            "image_owner_alias": "amazon",
            "image_type": "machine",
            "imds_support": "",
            "include_deprecated": false,
            "kernel_id": "",
            "last_launched_time": "",
            "most_recent": true,
            "name": "ubuntu/images/hvm-ssd/ubuntu-jammy-22.04-amd64-server-20260610",
            "name_regex": null,
            "owner_id": "099720109477",
            "owners": [
              "099720109477"
            ],
            "platform": "",
            "platform_details": "Linux/UNIX",
            "product_codes": [],
            "public": true,
            "ramdisk_id": "",
            "region": "eu-central-1",
            "root_device_name": "/dev/sda1",
            "root_device_type": "ebs",
            "root_snapshot_id": "snap-02ebdd736a7e60ac9",
            "sriov_net_support": "simple",
            "state": "available",
            "state_reason": {
              "code": "UNSET",
              "message": "UNSET"
            },
            "tags": {},
            "timeouts": null,
            "tpm_support": "",
            "uefi_data": null,
            "usage_operation": "RunInstances",
            "virtualization_type": "hvm"
          },
          "sensitive_attributes": [],
          "identity_schema_version": 0
        }
      ]
    },
    {
      "mode": "managed",
      "type": "aws_key_pair",
      "name": "scraper_auth",
      "provider": "provider[\"registry.terraform.io/hashicorp/aws\"]",
      "instances": [
        {
          "schema_version": 1,
          "attributes": {
            "arn": "arn:aws:ec2:eu-central-1:782288536043:key-pair/scraper-ec2-key",
            "fingerprint": "e6:0d:72:97:f6:b3:31:4d:33:7a:06:e8:77:f9:33:28",
            "id": "scraper-ec2-key",
            "key_name": "scraper-ec2-key",
            "key_name_prefix": "",
            "key_pair_id": "key-008b5b65c6dc44514",
            "key_type": "rsa",
            "public_key": "ssh-rsa AAAAB3NzaC1yc2EAAAADAQABAAACAQC/PoGZAHn4UAkYRbusR93UlgBqxAEJ5AHEXxt1yteQZpwB33K2aNlpTTMhSAx9K48jMUKeRX+tm1tkZBTSM0wBFoPn05InT3DjL5tbGcZnHLDjbWOVDCffwC5e7L9s0grsUHgLdN9NXfvh3VYm4Uf5IA8OYppbij4xt1Sr10GNDzkvE+d8zW2BYAFdsSeL6LHLXLnr5H8O4IrUsFr9lUCvJpKPhh6pIuS3pbxF2X4D9ZKxerNuWIj5tzv8zreXA3vY85uu3mfyiDkoSu357pF+faNfLnGR8mvXroeY8pdnicPRcqt7qZMfCUoJvtTxBgSWKh+NVcsDZt2MDwMfFltuaZvJgs+FPmbHrZKVO2HkIV8J6pEAUiNIroKPiOvEw5tgOtXxXZls49L/6byzwjl1CnA7dji8R+ExAAnpb83dex1+zm3fhtnXryceJYVcoHMYVB8YL9bw3uFO5yiOPFSoM013bJ88sSAkiDMEt4MyzBkQJG+7NNPNA/oWRBEa0Gv5uSknXM/U+/BbnW1BiOBd5jGgBKKHAvtIeQUeYdGszX6yQ/jASfw4spVZD1gMf7JpvvEzdjIzb/ItSX9NDb/EMcQjZVnMGbsdcS4kA+IuNYyWT+ABhcKNGHvBCxoM0WNrLL/cIb2n2oyVG+/Bk5WRbOgavjHi5l1fjw4YJfps3Q== 1@MSI",
            "region": "eu-central-1",
            "tags": null,
            "tags_all": {}
          },
          "sensitive_attributes": [],
          "identity_schema_version": 0,
          "private": "eyJzY2hlbWFfdmVyc2lvbiI6IjEifQ=="
        }
      ]
    },
    {
      "mode": "managed",
      "type": "aws_security_group",
      "name": "scraper_sg",
      "provider": "provider[\"registry.terraform.io/hashicorp/aws\"]",
      "instances": [
        {
          "schema_version": 1,
          "attributes": {
            "arn": "arn:aws:ec2:eu-central-1:782288536043:security-group/sg-0ccf25ecbfe3a67a3",
            "description": "Allow SSH, HTTP, and FastAPI traffic",
            "egress": [
              {
                "cidr_blocks": [
                  "0.0.0.0/0"
                ],
                "description": "",
                "from_port": 0,
                "ipv6_cidr_blocks": [],
                "prefix_list_ids": [],
                "protocol": "-1",
                "security_groups": [],
                "self": false,
                "to_port": 0
              }
            ],
            "id": "sg-0ccf25ecbfe3a67a3",
            "ingress": [
              {
                "cidr_blocks": [
                  "0.0.0.0/0"
                ],
                "description": "FastAPI default port",
                "from_port": 8000,
                "ipv6_cidr_blocks": [],
                "prefix_list_ids": [],
                "protocol": "tcp",
                "security_groups": [],
                "self": false,
                "to_port": 8000
              },
              {
                "cidr_blocks": [
                  "0.0.0.0/0"
                ],
                "description": "SSH",
                "from_port": 22,
                "ipv6_cidr_blocks": [],
                "prefix_list_ids": [],
                "protocol": "tcp",
                "security_groups": [],
                "self": false,
                "to_port": 22
              }
            ],
            "name": "scraper_security_group",
            "name_prefix": "",
            "owner_id": "782288536043",
            "region": "eu-central-1",
            "revoke_rules_on_delete": false,
            "tags": null,
            "tags_all": {},
            "timeouts": null,
            "vpc_id": "vpc-0119284028bfcd4e0"
          },
          "sensitive_attributes": [],
          "identity_schema_version": 0,
          "identity": {
            "account_id": "782288536043",
            "id": "sg-0ccf25ecbfe3a67a3",
            "region": "eu-central-1"
          },
          "private": "eyJlMmJmYjczMC1lY2FhLTExZTYtOGY4OC0zNDM2M2JjN2M0YzAiOnsiY3JlYXRlIjo2MDAwMDAwMDAwMDAsImRlbGV0ZSI6OTAwMDAwMDAwMDAwfSwic2NoZW1hX3ZlcnNpb24iOiIxIn0="
        }
      ]
    }
  ],
  "check_results": null
}
